
Microsoft Visual Studio Solution File, Format Version 12.00
# Visual Studio Version 17
VisualStudioVersion = 17.7.34031.279
MinimumVisualStudioVersion = 10.0.40219.1
Project("{FAE04EC0-301F-11D3-BF4B-00C04F79EFBC}") = "YARIÇAP HESAPLAMA-836", "YARIÇAP HESAPLAMA-836\YARIÇAP HESAPLAMA-836.csproj", "{4972277D-8F40-4B3E-A2C1-86AD7283648A}"
EndProject
Global
	GlobalSection(SolutionConfigurationPlatforms) = preSolution
		Debug|Any CPU = Debug|Any CPU
		Release|Any CPU = Release|Any CPU
	EndGlobalSection
	GlobalSection(ProjectConfigurationPlatforms) = postSolution
		{4972277D-8F40-4B3E-A2C1-86AD7283648A}.Debug|Any CPU.ActiveCfg = Debug|Any CPU
		{4972277D-8F40-4B3E-A2C1-86AD7283648A}.Debug|Any CPU.Build.0 = Debug|Any CPU
		{4972277D-8F40-4B3E-A2C1-86AD7283648A}.Release|Any CPU.ActiveCfg = Release|Any CPU
		{4972277D-8F40-4B3E-A2C1-86AD7283648A}.Release|Any CPU.Build.0 = Release|Any CPU
	EndGlobalSection
	GlobalSection(SolutionProperties) = preSolution
		HideSolutionNode = FALSE
	EndGlobalSection
	GlobalSection(ExtensibilityGlobals) = postSolution
		SolutionGuid = {FFEDC2F3-3EC9-4E1E-B964-CBBE5B7F693E}
	EndGlobalSection
EndGlobal
